
Microsoft Visual Studio Solution File, Format Version 12.00
# Visual Studio Version 16
VisualStudioVersion = 16.0.30011.22
MinimumVisualStudioVersion = 10.0.40219.1
Project("{FAE04EC0-301F-11D3-BF4B-00C04F79EFBC}") = "FingerLib", "FingerLib\FingerLib.csproj", "{48F02904-8B16-4400-B72F-A8D6689C0C04}"
EndProject
Project("{FAE04EC0-301F-11D3-BF4B-00C04F79EFBC}") = "FingerServer", "FingerServer\FingerServer.csproj", "{8DFBDAF6-604B-4616-9CAB-1709465D9C96}"
EndProject
Project("{FAE04EC0-301F-11D3-BF4B-00C04F79EFBC}") = "FingerClient", "FingerClient\FingerClient.csproj", "{5A44F378-23DE-4EE9-B207-90056095F01D}"
EndProject
Global
	GlobalSection(SolutionConfigurationPlatforms) = preSolution
		Debug|Any CPU = Debug|Any CPU
		Release|Any CPU = Release|Any CPU
	EndGlobalSection
	GlobalSection(ProjectConfigurationPlatforms) = postSolution
		{48F02904-8B16-4400-B72F-A8D6689C0C04}.Debug|Any CPU.ActiveCfg = Debug|Any CPU
		{48F02904-8B16-4400-B72F-A8D6689C0C04}.Debug|Any CPU.Build.0 = Debug|Any CPU
		{48F02904-8B16-4400-B72F-A8D6689C0C04}.Release|Any CPU.ActiveCfg = Release|Any CPU
		{48F02904-8B16-4400-B72F-A8D6689C0C04}.Release|Any CPU.Build.0 = Release|Any CPU
		{8DFBDAF6-604B-4616-9CAB-1709465D9C96}.Debug|Any CPU.ActiveCfg = Debug|Any CPU
		{8DFBDAF6-604B-4616-9CAB-1709465D9C96}.Debug|Any CPU.Build.0 = Debug|Any CPU
		{8DFBDAF6-604B-4616-9CAB-1709465D9C96}.Release|Any CPU.ActiveCfg = Release|Any CPU
		{8DFBDAF6-604B-4616-9CAB-1709465D9C96}.Release|Any CPU.Build.0 = Release|Any CPU
		{5A44F378-23DE-4EE9-B207-90056095F01D}.Debug|Any CPU.ActiveCfg = Debug|Any CPU
		{5A44F378-23DE-4EE9-B207-90056095F01D}.Debug|Any CPU.Build.0 = Debug|Any CPU
		{5A44F378-23DE-4EE9-B207-90056095F01D}.Release|Any CPU.ActiveCfg = Release|Any CPU
		{5A44F378-23DE-4EE9-B207-90056095F01D}.Release|Any CPU.Build.0 = Release|Any CPU
	EndGlobalSection
	GlobalSection(SolutionProperties) = preSolution
		HideSolutionNode = FALSE
	EndGlobalSection
	GlobalSection(ExtensibilityGlobals) = postSolution
		SolutionGuid = {7A0F9D9E-D5A1-419B-9C32-EB694AA2942C}
	EndGlobalSection
EndGlobal
